
Microsoft Visual Studio Solution File, Format Version 12.00
# Visual Studio Version 16
VisualStudioVersion = 16.0.31911.196
MinimumVisualStudioVersion = 10.0.40219.1
Project("{9A19103F-16F7-4668-BE54-9A1E7A4F7556}") = "uri_1000", "uri_1000\uri_1000.csproj", "{76B39657-4071-4DBB-A493-4764D877BCEC}"
EndProject
Project("{9A19103F-16F7-4668-BE54-9A1E7A4F7556}") = "uri_1001", "uri_1001\uri_1001.csproj", "{6018328C-75AD-4687-B00F-0E345B1EE25E}"
EndProject
Project("{9A19103F-16F7-4668-BE54-9A1E7A4F7556}") = "uri_1002", "uri_1002\uri_1002.csproj", "{4E7958A1-F06F-4C0D-9504-721AB24FA115}"
EndProject
Project("{9A19103F-16F7-4668-BE54-9A1E7A4F7556}") = "uri_1003", "uri_1003\uri_1003.csproj", "{437AB490-3ADC-414F-AC0E-D982D59257F0}"
EndProject
Project("{9A19103F-16F7-4668-BE54-9A1E7A4F7556}") = "uri_1004", "uri_1004\uri_1004.csproj", "{61A7DFCD-A067-4643-9F35-E8BEE58C12C4}"
EndProject
Project("{9A19103F-16F7-4668-BE54-9A1E7A4F7556}") = "uri_1005", "uri_1005\uri_1005.csproj", "{0162CE02-EC07-4B09-BDF5-0EB2AF02271E}"
EndProject
Project("{9A19103F-16F7-4668-BE54-9A1E7A4F7556}") = "uri_1006", "uri_1006\uri_1006.csproj", "{053E2964-A7D9-463A-8428-06DEDD237A2A}"
EndProject
Project("{9A19103F-16F7-4668-BE54-9A1E7A4F7556}") = "uri_1007", "uri_1007\uri_1007.csproj", "{2EE25DAD-3928-43F5-AB85-5575A80F6D48}"
EndProject
Project("{9A19103F-16F7-4668-BE54-9A1E7A4F7556}") = "uri_1008", "uri_1008\uri_1008.csproj", "{ECF9DCB0-1E74-4563-B0D3-D214FC8C9D51}"
EndProject
Project("{9A19103F-16F7-4668-BE54-9A1E7A4F7556}") = "uri_1009", "uri_1009\uri_1009.csproj", "{5A55A1C9-7592-42B2-80B3-011A19176074}"
EndProject
Project("{9A19103F-16F7-4668-BE54-9A1E7A4F7556}") = "uri_1010", "uri_1010\uri_1010.csproj", "{CF698AAD-FF15-478B-9A8A-D5AA40E9258E}"
EndProject
Project("{9A19103F-16F7-4668-BE54-9A1E7A4F7556}") = "uri_1011", "uri_1011\uri_1011.csproj", "{4F872D42-ECD2-47FC-BD10-C42797D4D808}"
EndProject
Project("{9A19103F-16F7-4668-BE54-9A1E7A4F7556}") = "uri_1012", "uri_1012\uri_1012.csproj", "{B2752AA9-D01E-4A14-9259-97F9BC5CEC16}"
EndProject
Project("{9A19103F-16F7-4668-BE54-9A1E7A4F7556}") = "uri_1013", "uri_1013\uri_1013.csproj", "{3EEF9486-A4A1-4A99-A56E-F51DF715B0FE}"
EndProject
Project("{9A19103F-16F7-4668-BE54-9A1E7A4F7556}") = "uri_1014", "uri_1014\uri_1014.csproj", "{DBF5D935-995F-49D0-AD97-2EFC87CFD0F0}"
EndProject
Project("{9A19103F-16F7-4668-BE54-9A1E7A4F7556}") = "uri_1015", "uri_1015\uri_1015.csproj", "{B6EAC106-161E-44D2-98B8-346937FB6C37}"
EndProject
Project("{9A19103F-16F7-4668-BE54-9A1E7A4F7556}") = "uri_1016", "uri_1016\uri_1016.csproj", "{A416DDCB-E5F9-4DFD-A48C-482B4F915E91}"
EndProject
Project("{9A19103F-16F7-4668-BE54-9A1E7A4F7556}") = "uri_1017", "uri_1017\uri_1017.csproj", "{8A9F00E2-A134-44FE-89F6-A1063E189BD0}"
EndProject
Project("{9A19103F-16F7-4668-BE54-9A1E7A4F7556}") = "uri_1018", "uri_1018\uri_1018.csproj", "{5F5B6866-2B6F-4A7C-87B2-591F0BAB2FE5}"
EndProject
Project("{9A19103F-16F7-4668-BE54-9A1E7A4F7556}") = "uri_1019", "uri_1019\uri_1019.csproj", "{3E01566F-982A-40C5-A3E6-617114B7AC80}"
EndProject
Project("{9A19103F-16F7-4668-BE54-9A1E7A4F7556}") = "uri_1020", "uri_1020\uri_1020.csproj", "{AC78C82B-E6A8-490A-A247-716DE3CD4507}"
EndProject
Project("{9A19103F-16F7-4668-BE54-9A1E7A4F7556}") = "uri_1021", "uri_1021\uri_1021.csproj", "{399235F6-7673-486A-AECC-4700BE9D45F3}"
EndProject
Project("{9A19103F-16F7-4668-BE54-9A1E7A4F7556}") = "uri_1035", "uri_1035\uri_1035.csproj", "{7A58A4BA-9E7B-4A97-B51E-11EF6E34DCC0}"
EndProject
Project("{9A19103F-16F7-4668-BE54-9A1E7A4F7556}") = "uri_1036", "uri_1036\uri_1036.csproj", "{1EE86CC6-7944-4AF8-9635-60B23D1461A4}"
EndProject
Project("{9A19103F-16F7-4668-BE54-9A1E7A4F7556}") = "uri_1037", "uri_1037\uri_1037.csproj", "{21EDFC94-124E-4989-8114-943A6EEB6583}"
EndProject
Project("{9A19103F-16F7-4668-BE54-9A1E7A4F7556}") = "uri_1038", "uri_1038\uri_1038.csproj", "{90B8C13C-F5FD-475A-9B63-E2FBE14113D6}"
EndProject
Project("{9A19103F-16F7-4668-BE54-9A1E7A4F7556}") = "uri_1040", "uri_1040\uri_1040.csproj", "{3178329D-62D2-4DE3-AFF1-9A312EC38A7B}"
EndProject
Project("{9A19103F-16F7-4668-BE54-9A1E7A4F7556}") = "uri_1041", "uri_1041\uri_1041.csproj", "{1FAE1D54-7008-446F-A106-381576F25193}"
EndProject
Project("{FAE04EC0-301F-11D3-BF4B-00C04F79EFBC}") = "uri_10442", "uri_10442\uri_10442.csproj", "{49AC334D-A3EA-4DA7-8CC9-F9A7F27D079D}"
EndProject
Project("{FAE04EC0-301F-11D3-BF4B-00C04F79EFBC}") = "uri_1043", "uri_1043\uri_1043.csproj", "{FFA4EC84-35DB-4295-8D35-BBD2006EDC9B}"
EndProject
Global
	GlobalSection(SolutionConfigurationPlatforms) = preSolution
		Debug|Any CPU = Debug|Any CPU
		Release|Any CPU = Release|Any CPU
	EndGlobalSection
	GlobalSection(ProjectConfigurationPlatforms) = postSolution
		{76B39657-4071-4DBB-A493-4764D877BCEC}.Debug|Any CPU.ActiveCfg = Debug|Any CPU
		{76B39657-4071-4DBB-A493-4764D877BCEC}.Debug|Any CPU.Build.0 = Debug|Any CPU
		{76B39657-4071-4DBB-A493-4764D877BCEC}.Release|Any CPU.ActiveCfg = Release|Any CPU
		{76B39657-4071-4DBB-A493-4764D877BCEC}.Release|Any CPU.Build.0 = Release|Any CPU
		{6018328C-75AD-4687-B00F-0E345B1EE25E}.Debug|Any CPU.ActiveCfg = Debug|Any CPU
		{6018328C-75AD-4687-B00F-0E345B1EE25E}.Debug|Any CPU.Build.0 = Debug|Any CPU
		{6018328C-75AD-4687-B00F-0E345B1EE25E}.Release|Any CPU.ActiveCfg = Release|Any CPU
		{6018328C-75AD-4687-B00F-0E345B1EE25E}.Release|Any CPU.Build.0 = Release|Any CPU
		{4E7958A1-F06F-4C0D-9504-721AB24FA115}.Debug|Any CPU.ActiveCfg = Debug|Any CPU
		{4E7958A1-F06F-4C0D-9504-721AB24FA115}.Debug|Any CPU.Build.0 = Debug|Any CPU
		{4E7958A1-F06F-4C0D-9504-721AB24FA115}.Release|Any CPU.ActiveCfg = Release|Any CPU
		{4E7958A1-F06F-4C0D-9504-721AB24FA115}.Release|Any CPU.Build.0 = Release|Any CPU
		{437AB490-3ADC-414F-AC0E-D982D59257F0}.Debug|Any CPU.ActiveCfg = Debug|Any CPU
		{437AB490-3ADC-414F-AC0E-D982D59257F0}.Debug|Any CPU.Build.0 = Debug|Any CPU
		{437AB490-3ADC-414F-AC0E-D982D59257F0}.Release|Any CPU.ActiveCfg = Release|Any CPU
		{437AB490-3ADC-414F-AC0E-D982D59257F0}.Release|Any CPU.Build.0 = Release|Any CPU
		{61A7DFCD-A067-4643-9F35-E8BEE58C12C4}.Debug|Any CPU.ActiveCfg = Debug|Any CPU
		{61A7DFCD-A067-4643-9F35-E8BEE58C12C4}.Debug|Any CPU.Build.0 = Debug|Any CPU
		{61A7DFCD-A067-4643-9F35-E8BEE58C12C4}.Release|Any CPU.ActiveCfg = Release|Any CPU
		{61A7DFCD-A067-4643-9F35-E8BEE58C12C4}.Release|Any CPU.Build.0 = Release|Any CPU
		{0162CE02-EC07-4B09-BDF5-0EB2AF02271E}.Debug|Any CPU.ActiveCfg = Debug|Any CPU
		{0162CE02-EC07-4B09-BDF5-0EB2AF02271E}.Debug|Any CPU.Build.0 = Debug|Any CPU
		{0162CE02-EC07-4B09-BDF5-0EB2AF02271E}.Release|Any CPU.ActiveCfg = Release|Any CPU
		{0162CE02-EC07-4B09-BDF5-0EB2AF02271E}.Release|Any CPU.Build.0 = Release|Any CPU
		{053E2964-A7D9-463A-8428-06DEDD237A2A}.Debug|Any CPU.ActiveCfg = Debug|Any CPU
		{053E2964-A7D9-463A-8428-06DEDD237A2A}.Debug|Any CPU.Build.0 = Debug|Any CPU
		{053E2964-A7D9-463A-8428-06DEDD237A2A}.Release|Any CPU.ActiveCfg = Release|Any CPU
		{053E2964-A7D9-463A-8428-06DEDD237A2A}.Release|Any CPU.Build.0 = Release|Any CPU
		{2EE25DAD-3928-43F5-AB85-5575A80F6D48}.Debug|Any CPU.ActiveCfg = Debug|Any CPU
		{2EE25DAD-3928-43F5-AB85-5575A80F6D48}.Debug|Any CPU.Build.0 = Debug|Any CPU
		{2EE25DAD-3928-43F5-AB85-5575A80F6D48}.Release|Any CPU.ActiveCfg = Release|Any CPU
		{2EE25DAD-3928-43F5-AB85-5575A80F6D48}.Release|Any CPU.Build.0 = Release|Any CPU
		{ECF9DCB0-1E74-4563-B0D3-D214FC8C9D51}.Debug|Any CPU.ActiveCfg = Debug|Any CPU
		{ECF9DCB0-1E74-4563-B0D3-D214FC8C9D51}.Debug|Any CPU.Build.0 = Debug|Any CPU
		{ECF9DCB0-1E74-4563-B0D3-D214FC8C9D51}.Release|Any CPU.ActiveCfg = Release|Any CPU
		{ECF9DCB0-1E74-4563-B0D3-D214FC8C9D51}.Release|Any CPU.Build.0 = Release|Any CPU
		{5A55A1C9-7592-42B2-80B3-011A19176074}.Debug|Any CPU.ActiveCfg = Debug|Any CPU
		{5A55A1C9-7592-42B2-80B3-011A19176074}.Debug|Any CPU.Build.0 = Debug|Any CPU
		{5A55A1C9-7592-42B2-80B3-011A19176074}.Release|Any CPU.ActiveCfg = Release|Any CPU
		{5A55A1C9-7592-42B2-80B3-011A19176074}.Release|Any CPU.Build.0 = Release|Any CPU
		{CF698AAD-FF15-478B-9A8A-D5AA40E9258E}.Debug|Any CPU.ActiveCfg = Debug|Any CPU
		{CF698AAD-FF15-478B-9A8A-D5AA40E9258E}.Debug|Any CPU.Build.0 = Debug|Any CPU
		{CF698AAD-FF15-478B-9A8A-D5AA40E9258E}.Release|Any CPU.ActiveCfg = Release|Any CPU
		{CF698AAD-FF15-478B-9A8A-D5AA40E9258E}.Release|Any CPU.Build.0 = Release|Any CPU
		{4F872D42-ECD2-47FC-BD10-C42797D4D808}.Debug|Any CPU.ActiveCfg = Debug|Any CPU
		{4F872D42-ECD2-47FC-BD10-C42797D4D808}.Debug|Any CPU.Build.0 = Debug|Any CPU
		{4F872D42-ECD2-47FC-BD10-C42797D4D808}.Release|Any CPU.ActiveCfg = Release|Any CPU
		{4F872D42-ECD2-47FC-BD10-C42797D4D808}.Release|Any CPU.Build.0 = Release|Any CPU
		{B2752AA9-D01E-4A14-9259-97F9BC5CEC16}.Debug|Any CPU.ActiveCfg = Debug|Any CPU
		{B2752AA9-D01E-4A14-9259-97F9BC5CEC16}.Debug|Any CPU.Build.0 = Debug|Any CPU
		{B2752AA9-D01E-4A14-9259-97F9BC5CEC16}.Release|Any CPU.ActiveCfg = Release|Any CPU
		{B2752AA9-D01E-4A14-9259-97F9BC5CEC16}.Release|Any CPU.Build.0 = Release|Any CPU
		{3EEF9486-A4A1-4A99-A56E-F51DF715B0FE}.Debug|Any CPU.ActiveCfg = Debug|Any CPU
		{3EEF9486-A4A1-4A99-A56E-F51DF715B0FE}.Debug|Any CPU.Build.0 = Debug|Any CPU
		{3EEF9486-A4A1-4A99-A56E-F51DF715B0FE}.Release|Any CPU.ActiveCfg = Release|Any CPU
		{3EEF9486-A4A1-4A99-A56E-F51DF715B0FE}.Release|Any CPU.Build.0 = Release|Any CPU
		{DBF5D935-995F-49D0-AD97-2EFC87CFD0F0}.Debug|Any CPU.ActiveCfg = Debug|Any CPU
		{DBF5D935-995F-49D0-AD97-2EFC87CFD0F0}.Debug|Any CPU.Build.0 = Debug|Any CPU
		{DBF5D935-995F-49D0-AD97-2EFC87CFD0F0}.Release|Any CPU.ActiveCfg = Release|Any CPU
		{DBF5D935-995F-49D0-AD97-2EFC87CFD0F0}.Release|Any CPU.Build.0 = Release|Any CPU
		{B6EAC106-161E-44D2-98B8-346937FB6C37}.Debug|Any CPU.ActiveCfg = Debug|Any CPU
		{B6EAC106-161E-44D2-98B8-346937FB6C37}.Debug|Any CPU.Build.0 = Debug|Any CPU
		{B6EAC106-161E-44D2-98B8-346937FB6C37}.Release|Any CPU.ActiveCfg = Release|Any CPU
		{B6EAC106-161E-44D2-98B8-346937FB6C37}.Release|Any CPU.Build.0 = Release|Any CPU
		{A416DDCB-E5F9-4DFD-A48C-482B4F915E91}.Debug|Any CPU.ActiveCfg = Debug|Any CPU
		{A416DDCB-E5F9-4DFD-A48C-482B4F915E91}.Debug|Any CPU.Build.0 = Debug|Any CPU
		{A416DDCB-E5F9-4DFD-A48C-482B4F915E91}.Release|Any CPU.ActiveCfg = Release|Any CPU
		{A416DDCB-E5F9-4DFD-A48C-482B4F915E91}.Release|Any CPU.Build.0 = Release|Any CPU
		{8A9F00E2-A134-44FE-89F6-A1063E189BD0}.Debug|Any CPU.ActiveCfg = Debug|Any CPU
		{8A9F00E2-A134-44FE-89F6-A1063E189BD0}.Debug|Any CPU.Build.0 = Debug|Any CPU
		{8A9F00E2-A134-44FE-89F6-A1063E189BD0}.Release|Any CPU.ActiveCfg = Release|Any CPU
		{8A9F00E2-A134-44FE-89F6-A1063E189BD0}.Release|Any CPU.Build.0 = Release|Any CPU
		{5F5B6866-2B6F-4A7C-87B2-591F0BAB2FE5}.Debug|Any CPU.ActiveCfg = Debug|Any CPU
		{5F5B6866-2B6F-4A7C-87B2-591F0BAB2FE5}.Debug|Any CPU.Build.0 = Debug|Any CPU
		{5F5B6866-2B6F-4A7C-87B2-591F0BAB2FE5}.Release|Any CPU.ActiveCfg = Release|Any CPU
		{5F5B6866-2B6F-4A7C-87B2-591F0BAB2FE5}.Release|Any CPU.Build.0 = Release|Any CPU
		{3E01566F-982A-40C5-A3E6-617114B7AC80}.Debug|Any CPU.ActiveCfg = Debug|Any CPU
		{3E01566F-982A-40C5-A3E6-617114B7AC80}.Debug|Any CPU.Build.0 = Debug|Any CPU
		{3E01566F-982A-40C5-A3E6-617114B7AC80}.Release|Any CPU.ActiveCfg = Release|Any CPU
		{3E01566F-982A-40C5-A3E6-617114B7AC80}.Release|Any CPU.Build.0 = Release|Any CPU
		{AC78C82B-E6A8-490A-A247-716DE3CD4507}.Debug|Any CPU.ActiveCfg = Debug|Any CPU
		{AC78C82B-E6A8-490A-A247-716DE3CD4507}.Debug|Any CPU.Build.0 = Debug|Any CPU
		{AC78C82B-E6A8-490A-A247-716DE3CD4507}.Release|Any CPU.ActiveCfg = Release|Any CPU
		{AC78C82B-E6A8-490A-A247-716DE3CD4507}.Release|Any CPU.Build.0 = Release|Any CPU
		{399235F6-7673-486A-AECC-4700BE9D45F3}.Debug|Any CPU.ActiveCfg = Debug|Any CPU
		{399235F6-7673-486A-AECC-4700BE9D45F3}.Debug|Any CPU.Build.0 = Debug|Any CPU
		{399235F6-7673-486A-AECC-4700BE9D45F3}.Release|Any CPU.ActiveCfg = Release|Any CPU
		{399235F6-7673-486A-AECC-4700BE9D45F3}.Release|Any CPU.Build.0 = Release|Any CPU
		{7A58A4BA-9E7B-4A97-B51E-11EF6E34DCC0}.Debug|Any CPU.ActiveCfg = Debug|Any CPU
		{7A58A4BA-9E7B-4A97-B51E-11EF6E34DCC0}.Debug|Any CPU.Build.0 = Debug|Any CPU
		{7A58A4BA-9E7B-4A97-B51E-11EF6E34DCC0}.Release|Any CPU.ActiveCfg = Release|Any CPU
		{7A58A4BA-9E7B-4A97-B51E-11EF6E34DCC0}.Release|Any CPU.Build.0 = Release|Any CPU
		{1EE86CC6-7944-4AF8-9635-60B23D1461A4}.Debug|Any CPU.ActiveCfg = Debug|Any CPU
		{1EE86CC6-7944-4AF8-9635-60B23D1461A4}.Debug|Any CPU.Build.0 = Debug|Any CPU
		{1EE86CC6-7944-4AF8-9635-60B23D1461A4}.Release|Any CPU.ActiveCfg = Release|Any CPU
		{1EE86CC6-7944-4AF8-9635-60B23D1461A4}.Release|Any CPU.Build.0 = Release|Any CPU
		{21EDFC94-124E-4989-8114-943A6EEB6583}.Debug|Any CPU.ActiveCfg = Debug|Any CPU
		{21EDFC94-124E-4989-8114-943A6EEB6583}.Debug|Any CPU.Build.0 = Debug|Any CPU
		{21EDFC94-124E-4989-8114-943A6EEB6583}.Release|Any CPU.ActiveCfg = Release|Any CPU
		{21EDFC94-124E-4989-8114-943A6EEB6583}.Release|Any CPU.Build.0 = Release|Any CPU
		{90B8C13C-F5FD-475A-9B63-E2FBE14113D6}.Debug|Any CPU.ActiveCfg = Debug|Any CPU
		{90B8C13C-F5FD-475A-9B63-E2FBE14113D6}.Debug|Any CPU.Build.0 = Debug|Any CPU
		{90B8C13C-F5FD-475A-9B63-E2FBE14113D6}.Release|Any CPU.ActiveCfg = Release|Any CPU
		{90B8C13C-F5FD-475A-9B63-E2FBE14113D6}.Release|Any CPU.Build.0 = Release|Any CPU
		{3178329D-62D2-4DE3-AFF1-9A312EC38A7B}.Debug|Any CPU.ActiveCfg = Debug|Any CPU
		{3178329D-62D2-4DE3-AFF1-9A312EC38A7B}.Debug|Any CPU.Build.0 = Debug|Any CPU
		{3178329D-62D2-4DE3-AFF1-9A312EC38A7B}.Release|Any CPU.ActiveCfg = Release|Any CPU
		{3178329D-62D2-4DE3-AFF1-9A312EC38A7B}.Release|Any CPU.Build.0 = Release|Any CPU
		{1FAE1D54-7008-446F-A106-381576F25193}.Debug|Any CPU.ActiveCfg = Debug|Any CPU
		{1FAE1D54-7008-446F-A106-381576F25193}.Debug|Any CPU.Build.0 = Debug|Any CPU
		{1FAE1D54-7008-446F-A106-381576F25193}.Release|Any CPU.ActiveCfg = Release|Any CPU
		{1FAE1D54-7008-446F-A106-381576F25193}.Release|Any CPU.Build.0 = Release|Any CPU
		{49AC334D-A3EA-4DA7-8CC9-F9A7F27D079D}.Debug|Any CPU.ActiveCfg = Debug|Any CPU
		{49AC334D-A3EA-4DA7-8CC9-F9A7F27D079D}.Debug|Any CPU.Build.0 = Debug|Any CPU
		{49AC334D-A3EA-4DA7-8CC9-F9A7F27D079D}.Release|Any CPU.ActiveCfg = Release|Any CPU
		{49AC334D-A3EA-4DA7-8CC9-F9A7F27D079D}.Release|Any CPU.Build.0 = Release|Any CPU
		{FFA4EC84-35DB-4295-8D35-BBD2006EDC9B}.Debug|Any CPU.ActiveCfg = Debug|Any CPU
		{FFA4EC84-35DB-4295-8D35-BBD2006EDC9B}.Debug|Any CPU.Build.0 = Debug|Any CPU
		{FFA4EC84-35DB-4295-8D35-BBD2006EDC9B}.Release|Any CPU.ActiveCfg = Release|Any CPU
		{FFA4EC84-35DB-4295-8D35-BBD2006EDC9B}.Release|Any CPU.Build.0 = Release|Any CPU
	EndGlobalSection
	GlobalSection(SolutionProperties) = preSolution
		HideSolutionNode = FALSE
	EndGlobalSection
	GlobalSection(ExtensibilityGlobals) = postSolution
		SolutionGuid = {E25E0FF7-0606-4693-B29F-8BACDF0245D3}
	EndGlobalSection
EndGlobal
